<?xml version="1.0" encoding="utf-8"?>
<Project ToolsVersion="4.0" xmlns="http://schemas.microsoft.com/developer/msbuild/2003">
  <ItemGroup>
    <Filter Include="win32">
      <UniqueIdentifier>{84a8ebd7-7cf0-47f6-b75e-d441df67da40}</UniqueIdentifier>
    </Filter>
    <Filter Include="resource">
      <UniqueIdentifier>{715254bc-d70b-4ec5-bf29-467dd3ace079}</UniqueIdentifier>
    </Filter>
    <Filter Include="src">
      <UniqueIdentifier>{bb6c862e-70e9-49d9-81b7-3829a6f50471}</UniqueIdentifier>
    </Filter>
  </ItemGroup>
  <ItemGroup>
    <ClCompile Include="main.cpp">
      <Filter>win32</Filter>
    </ClCompile>
    <ClCompile Include="..\Classes\AppDelegate.cpp">
      <Filter>src</Filter>
    </ClCompile>
    <ClCompile Include="..\Classes\KidModel.cpp">
      <Filter>src</Filter>
    </ClCompile>
    <ClCompile Include="..\Classes\CrushableModel.cpp">
      <Filter>src</Filter>
    </ClCompile>
    <ClCompile Include="..\Classes\JelloModel.cpp">
      <Filter>src</Filter>
    </ClCompile>
    <ClCompile Include="..\Classes\SpikeModel.cpp">
      <Filter>src</Filter>
    </ClCompile>
    <ClCompile Include="..\Classes\CollisionController.cpp">
      <Filter>src</Filter>
    </ClCompile>
    <ClCompile Include="..\Classes\LoadingScreenController.cpp">
      <Filter>src</Filter>
    </ClCompile>
    <ClCompile Include="..\Classes\BackgroundView.cpp">
      <Filter>src</Filter>
    </ClCompile>
    <ClCompile Include="..\Classes\BlenderModel.cpp">
      <Filter>src</Filter>
    </ClCompile>
    <ClCompile Include="..\Classes\GameController.cpp">
      <Filter>src</Filter>
    </ClCompile>
    <ClCompile Include="..\Classes\InputController.cpp">
      <Filter>src</Filter>
    </ClCompile>
    <ClCompile Include="..\Classes\LevelModel.cpp">
      <Filter>src</Filter>
    </ClCompile>
    <ClCompile Include="..\Classes\PineappleModel.cpp">
      <Filter>src</Filter>
    </ClCompile>
    <ClCompile Include="..\Classes\ProgressHUD.cpp">
      <Filter>src</Filter>
    </ClCompile>
    <ClCompile Include="..\Classes\NonPhysicalObstacleModel.cpp">
      <Filter>src</Filter>
    </ClCompile>
    <ClCompile Include="..\Classes\PhysicalObstacleModel.cpp">
      <Filter>src</Filter>
    </ClCompile>
    <ClCompile Include="..\Classes\SpinnerModel.cpp">
      <Filter>src</Filter>
    </ClCompile>
    <ClCompile Include="..\Classes\ButtonSwitchModel.cpp">
      <Filter>src</Filter>
    </ClCompile>
    <ClCompile Include="..\Classes\CollisionObjectModel.cpp">
      <Filter>src</Filter>
    </ClCompile>
    <ClCompile Include="..\Classes\GoalModel.cpp">
      <Filter>src</Filter>
    </ClCompile>
    <ClCompile Include="..\Classes\MoveablePlatformModel.cpp">
      <Filter>src</Filter>
    </ClCompile>
    <ClCompile Include="..\Classes\WallModel.cpp">
      <Filter>src</Filter>
    </ClCompile>
    <ClCompile Include="..\Classes\PineappleRoot.cpp">
      <Filter>src</Filter>
    </ClCompile>
    <ClCompile Include="..\Classes\HUDController.cpp">
      <Filter>src</Filter>
    </ClCompile>
    <ClCompile Include="..\Classes\LevelSelectController.cpp">
      <Filter>src</Filter>
    </ClCompile>
    <ClCompile Include="..\Classes\PauseController.cpp">
      <Filter>src</Filter>
    </ClCompile>
    <ClCompile Include="..\Classes\ModalView.cpp">
      <Filter>src</Filter>
    </ClCompile>
    <ClCompile Include="..\Classes\WinView.cpp">
      <Filter>src</Filter>
    </ClCompile>
    <ClCompile Include="..\Classes\LoseView.cpp">
      <Filter>src</Filter>
    </ClCompile>
    <ClCompile Include="..\Classes\HomeScreenController.cpp">
      <Filter>src</Filter>
    </ClCompile>
  </ItemGroup>
  <ItemGroup>
    <ClInclude Include="main.h">
      <Filter>win32</Filter>
    </ClInclude>
    <ClInclude Include="..\Classes\AppDelegate.h">
      <Filter>src</Filter>
    </ClInclude>
    <ClInclude Include="..\Classes\KidModel.h">
      <Filter>src</Filter>
    </ClInclude>
    <ClInclude Include="..\Classes\CrushableModel.h">
      <Filter>src</Filter>
    </ClInclude>
    <ClInclude Include="..\Classes\JelloModel.h">
      <Filter>src</Filter>
    </ClInclude>
    <ClInclude Include="..\Classes\SpikeModel.h">
      <Filter>src</Filter>
    </ClInclude>
    <ClInclude Include="..\Classes\CollisionController.h">
      <Filter>src</Filter>
    </ClInclude>
    <ClInclude Include="..\Classes\LoadingScreenController.h">
      <Filter>src</Filter>
    </ClInclude>
    <ClInclude Include="..\Classes\BackgroundView.h">
      <Filter>src</Filter>
    </ClInclude>
    <ClInclude Include="..\Classes\BlenderModel.h">
      <Filter>src</Filter>
    </ClInclude>
    <ClInclude Include="..\Classes\Const.h">
      <Filter>src</Filter>
    </ClInclude>
    <ClInclude Include="..\Classes\GameController.h">
      <Filter>src</Filter>
    </ClInclude>
    <ClInclude Include="..\Classes\InputController.h">
      <Filter>src</Filter>
    </ClInclude>
    <ClInclude Include="..\Classes\LevelModel.h">
      <Filter>src</Filter>
    </ClInclude>
    <ClInclude Include="..\Classes\PineappleModel.h">
      <Filter>src</Filter>
    </ClInclude>
    <ClInclude Include="..\Classes\ProgressHUD.h">
      <Filter>src</Filter>
    </ClInclude>
    <ClInclude Include="..\Classes\NonPhysicalObstacleModel.h">
      <Filter>src</Filter>
    </ClInclude>
    <ClInclude Include="..\Classes\PhysicalObstacleModel.h">
      <Filter>src</Filter>
    </ClInclude>
    <ClInclude Include="..\Classes\SpinnerModel.h">
      <Filter>src</Filter>
    </ClInclude>
    <ClInclude Include="..\Classes\Texture.h">
      <Filter>src</Filter>
    </ClInclude>
    <ClInclude Include="..\Classes\CollisionObjectModel.h">
      <Filter>src</Filter>
    </ClInclude>
    <ClInclude Include="..\Classes\ButtonSwitchModel.h">
      <Filter>src</Filter>
    </ClInclude>
    <ClInclude Include="..\Classes\GoalModel.h">
      <Filter>src</Filter>
    </ClInclude>
    <ClInclude Include="..\Classes\Levels.h">
      <Filter>src</Filter>
    </ClInclude>
    <ClInclude Include="..\Classes\MoveablePlatformModel.h">
      <Filter>src</Filter>
    </ClInclude>
    <ClInclude Include="..\Classes\WallModel.h">
      <Filter>src</Filter>
    </ClInclude>
    <ClInclude Include="..\Classes\PineappleRoot.h">
      <Filter>src</Filter>
    </ClInclude>
    <ClInclude Include="..\Classes\AbsScreenController.h">
      <Filter>src</Filter>
    </ClInclude>
    <ClInclude Include="..\Classes\HUDController.h">
      <Filter>src</Filter>
    </ClInclude>
    <ClInclude Include="..\Classes\LevelSelectController.h">
      <Filter>src</Filter>
    </ClInclude>
    <ClInclude Include="..\Classes\PauseController.h">
      <Filter>src</Filter>
    </ClInclude>
    <ClInclude Include="..\Classes\ModalView.h">
      <Filter>src</Filter>
    </ClInclude>
    <ClInclude Include="..\Classes\WinView.h">
      <Filter>src</Filter>
    </ClInclude>
    <ClInclude Include="..\Classes\LoseView.h">
      <Filter>src</Filter>
    </ClInclude>
    <ClInclude Include="..\Classes\HomeScreenController.h">
      <Filter>src</Filter>
    </ClInclude>
  </ItemGroup>
  <ItemGroup>
    <ResourceCompile Include="game.rc">
      <Filter>resource</Filter>
    </ResourceCompile>
  </ItemGroup>
</Project>